<?xml version="1.0" encoding="utf-8"?>
<Project ToolsVersion="4.0" xmlns="http://schemas.microsoft.com/developer/msbuild/2003">
  <ItemGroup>
    <Filter Include="Source Files">
      <UniqueIdentifier>{4FC737F1-C7A5-4376-A066-2A32D752A2FF}</UniqueIdentifier>
      <Extensions>cpp;c;cc;cxx;c++;cppm;ixx;def;odl;idl;hpj;bat;asm;asmx</Extensions>
    </Filter>
    <Filter Include="Header Files">
      <UniqueIdentifier>{93995380-89BD-4b04-88EB-625FBE52EBFB}</UniqueIdentifier>
      <Extensions>h;hh;hpp;hxx;h++;hm;inl;inc;ipp;xsd</Extensions>
    </Filter>
    <Filter Include="Resource Files">
      <UniqueIdentifier>{67DA6AB6-F800-4c08-8B7A-83BB121AAD01}</UniqueIdentifier>
      <Extensions>rc;ico;cur;bmp;dlg;rc2;rct;bin;rgs;gif;jpg;jpeg;jpe;resx;tiff;tif;png;wav;mfcribbon-ms</Extensions>
    </Filter>
    <Filter Include="Source Files\Class">
      <UniqueIdentifier>{8b92da3a-2e51-4013-9085-9f71e06e6e47}</UniqueIdentifier>
    </Filter>
    <Filter Include="Source Files\Class\Component">
      <UniqueIdentifier>{201d5459-d78a-4f71-ad27-10e429404bf5}</UniqueIdentifier>
    </Filter>
    <Filter Include="Source Files\Class\Manager">
      <UniqueIdentifier>{22ba4fef-a24f-468f-aa13-f259dadc5297}</UniqueIdentifier>
    </Filter>
    <Filter Include="Source Files\Class\Entity">
      <UniqueIdentifier>{872d5947-777b-4ff3-8648-5c3f8c146582}</UniqueIdentifier>
    </Filter>
    <Filter Include="Source Files\Class\Level">
      <UniqueIdentifier>{5439aa5d-ea84-49a2-8bfe-985fbebb217c}</UniqueIdentifier>
    </Filter>
    <Filter Include="Header Files\Class">
      <UniqueIdentifier>{2e48b53c-69a7-485b-bd9f-0f40a4033e8f}</UniqueIdentifier>
    </Filter>
    <Filter Include="Header Files\Class\Component">
      <UniqueIdentifier>{a62b204e-5172-4f84-b88c-b70e2c079afa}</UniqueIdentifier>
    </Filter>
    <Filter Include="Header Files\Class\Level">
      <UniqueIdentifier>{1ab88b5c-500b-4e97-b6f9-494523ab0be3}</UniqueIdentifier>
    </Filter>
    <Filter Include="Header Files\Class\Manager">
      <UniqueIdentifier>{253d0cbe-7479-414a-abee-4c8a1769df80}</UniqueIdentifier>
    </Filter>
    <Filter Include="Header Files\Class\Entity">
      <UniqueIdentifier>{22b44a69-be57-4618-b34a-41d099b8351d}</UniqueIdentifier>
    </Filter>
  </ItemGroup>
  <ItemGroup>
    <ClCompile Include="FileLoader.cpp">
      <Filter>Source Files\Class</Filter>
    </ClCompile>
    <ClCompile Include="Singleton.cpp">
      <Filter>Source Files\Class</Filter>
    </ClCompile>
    <ClCompile Include="Main.cpp">
      <Filter>Source Files</Filter>
    </ClCompile>
    <ClCompile Include="Component.cpp">
      <Filter>Source Files\Class\Component</Filter>
    </ClCompile>
    <ClCompile Include="LifeComponent.cpp">
      <Filter>Source Files\Class\Component</Filter>
    </ClCompile>
    <ClCompile Include="MovementComponent.cpp">
      <Filter>Source Files\Class\Component</Filter>
    </ClCompile>
    <ClCompile Include="InputManager.cpp">
      <Filter>Source Files\Class\Manager</Filter>
    </ClCompile>
    <ClCompile Include="TextureManager.cpp">
      <Filter>Source Files\Class\Manager</Filter>
    </ClCompile>
    <ClCompile Include="Entity.cpp">
      <Filter>Source Files\Class\Entity</Filter>
    </ClCompile>
    <ClCompile Include="PacMan.cpp">
      <Filter>Source Files\Class\Entity</Filter>
    </ClCompile>
    <ClCompile Include="Level.cpp">
      <Filter>Source Files\Class\Level</Filter>
    </ClCompile>
    <ClCompile Include="Wall.cpp">
      <Filter>Source Files\Class\Entity</Filter>
    </ClCompile>
    <ClCompile Include="Food.cpp">
      <Filter>Source Files\Class\Entity</Filter>
    </ClCompile>
    <ClCompile Include="Ghost.cpp">
      <Filter>Source Files\Class\Entity</Filter>
    </ClCompile>
    <ClCompile Include="CollisionComponent.cpp">
      <Filter>Source Files\Class\Component</Filter>
    </ClCompile>
    <ClCompile Include="Object.cpp">
      <Filter>Source Files</Filter>
    </ClCompile>
  </ItemGroup>
  <ItemGroup>
    <ClInclude Include="FileLoader.h">
      <Filter>Resource Files</Filter>
    </ClInclude>
    <ClInclude Include="Macro.h">
      <Filter>Resource Files</Filter>
    </ClInclude>
    <ClInclude Include="CoreMinimal.h">
      <Filter>Resource Files</Filter>
    </ClInclude>
    <ClInclude Include="Component.h">
      <Filter>Header Files\Class\Component</Filter>
    </ClInclude>
    <ClInclude Include="Entity.h">
      <Filter>Header Files\Class\Entity</Filter>
    </ClInclude>
    <ClInclude Include="InputManager.h">
      <Filter>Header Files\Class\Manager</Filter>
    </ClInclude>
    <ClInclude Include="Level.h">
      <Filter>Header Files\Class\Level</Filter>
    </ClInclude>
    <ClInclude Include="LifeComponent.h">
      <Filter>Header Files\Class\Component</Filter>
    </ClInclude>
    <ClInclude Include="MovementComponent.h">
      <Filter>Header Files\Class\Component</Filter>
    </ClInclude>
    <ClInclude Include="PacMan.h">
      <Filter>Header Files\Class\Entity</Filter>
    </ClInclude>
    <ClInclude Include="TextureManager.h">
      <Filter>Header Files\Class\Manager</Filter>
    </ClInclude>
    <ClInclude Include="Food.h">
      <Filter>Header Files\Class\Entity</Filter>
    </ClInclude>
    <ClInclude Include="Ghost.h">
      <Filter>Header Files\Class\Entity</Filter>
    </ClInclude>
    <ClInclude Include="Wall.h">
      <Filter>Header Files\Class\Entity</Filter>
    </ClInclude>
    <ClInclude Include="Singleton.h">
      <Filter>Header Files\Class</Filter>
    </ClInclude>
    <ClInclude Include="CollisionComponent.h">
      <Filter>Header Files\Class\Component</Filter>
    </ClInclude>
    <ClInclude Include="Object.h">
      <Filter>Header Files</Filter>
    </ClInclude>
  </ItemGroup>
</Project>